services:
    sonata.admin.text_block:
        class: MKebza\Content\Admin\TextBlockAdmin
        arguments:
            - ~
            - App\Entity\Content\TextBlock
            - ~
        calls:
            - ['setTextBlockTypeRegistry', ['@MKebza\Content\Service\TextBlock\TextBlockTypeRegistry']]
        tags:
            -
                name: sonata.admin
                manager_type: orm
                show_in_dashboard: true
                group: 'Content'
                label: 'Block'
                icon: '<i class="fa fa-file-text"></i>'

